
Microsoft Visual Studio Solution File, Format Version 12.00
Project("{FAE04EC0-301F-11D3-BF4B-00C04F79EFBC}") = "WebApplication5", "WebApplication5\WebApplication5.csproj", "{AABA3F8E-2ED0-40BC-807E-4BBC1B2FE873}"
EndProject
Global
	GlobalSection(SolutionConfigurationPlatforms) = preSolution
		Debug|Any CPU = Debug|Any CPU
		Release|Any CPU = Release|Any CPU
	EndGlobalSection
	GlobalSection(ProjectConfigurationPlatforms) = postSolution
		{AABA3F8E-2ED0-40BC-807E-4BBC1B2FE873}.Debug|Any CPU.ActiveCfg = Debug|Any CPU
		{AABA3F8E-2ED0-40BC-807E-4BBC1B2FE873}.Debug|Any CPU.Build.0 = Debug|Any CPU
		{AABA3F8E-2ED0-40BC-807E-4BBC1B2FE873}.Release|Any CPU.ActiveCfg = Release|Any CPU
		{AABA3F8E-2ED0-40BC-807E-4BBC1B2FE873}.Release|Any CPU.Build.0 = Release|Any CPU
	EndGlobalSection
EndGlobal
